{
  "name": "DSIP",
  "lockfileVersion": 3,
  "requires": true,
  "packages": {
    "": {
      "dependencies": {
        "channels": "^0.0.4"
      }
    },
    "node_modules/channels": {
      "version": "0.0.4",
      "resolved": "https://registry.npmjs.org/channels/-/channels-0.0.4.tgz",
      "integrity": "sha512-4zRxUJ/sN+GmA0NeB1wIBA8xzU6C30FsGkSIWob7OLIQVwMKE/ct9n3RLfq8XiLUpafK5gWg7+HuUVzXMXYqVw=="
    }
  }
}
